PODS:
  - Flutter (1.0.0)
  - socure_sdk (1.0.0):
    - Flutter
    - TrustKit
  - TrustKit (2.0.0)

DEPENDENCIES:
  - Flutter (from `Flutter`)
  - socure_sdk (from `.symlinks/plugins/socure_sdk/ios`)

SPEC REPOS:
  trunk:
    - TrustKit

EXTERNAL SOURCES:
  Flutter:
    :path: Flutter
  socure_sdk:
    :path: ".symlinks/plugins/socure_sdk/ios"

SPEC CHECKSUMS:
  Flutter: 50d75fe2f02b26cc09d224853bb45737f8b3214a
  socure_sdk: 39b2cc282c931c614062d3d628376cb17bdd5790
  TrustKit: 610b8c71c07914756dd74c380040a3408a747798

PODFILE CHECKSUM: 4e8f8b2be68aeea4c0d5beb6ff1e79fface1d048

COCOAPODS: 1.11.3
